// !$*UTF8*$!
{
	archiveVersion = 1;
	classes = {
	};
	objectVersion = 46;
	objects = {

/* Begin PBXBuildFile section */
		247B616E1D2BC21500CEE15C /* main.m in Sources */ = {isa = PBXBuildFile; fileRef = 247B616D1D2BC21500CEE15C /* main.m */; };
		247B61711D2BC21500CEE15C /* AppDelegate.m in Sources */ = {isa = PBXBuildFile; fileRef = 247B61701D2BC21500CEE15C /* AppDelegate.m */; };
		247B61791D2BC21500CEE15C /* Assets.xcassets in Resources */ = {isa = PBXBuildFile; fileRef = 247B61781D2BC21500CEE15C /* Assets.xcassets */; };
		247B61871D2BC21500CEE15C /* BBBProjectTests.m in Sources */ = {isa = PBXBuildFile; fileRef = 247B61861D2BC21500CEE15C /* BBBProjectTests.m */; };
		247B61921D2BC21500CEE15C /* BBBProjectUITests.m in Sources */ = {isa = PBXBuildFile; fileRef = 247B61911D2BC21500CEE15C /* BBBProjectUITests.m */; };
/* End PBXBuildFile section */

/* Begin PBXContainerItemProxy section */
		247B61831D2BC21500CEE15C /* PBXContainerItemProxy */ = {
			isa = PBXContainerItemProxy;
			containerPortal = 247B61611D2BC21500CEE15C /* Project object */;
			proxyType = 1;
			remoteGlobalIDString = 247B61681D2BC21500CEE15C;
			remoteInfo = BBBProject;
		};
		247B618E1D2BC21500CEE15C /* PBXContainerItemProxy */ = {
			isa = PBXContainerItemProxy;
			containerPortal = 247B61611D2BC21500CEE15C /* Project object */;
			proxyType = 1;
			remoteGlobalIDString = 247B61681D2BC21500CEE15C;
			remoteInfo = BBBProject;
		};
/* End PBXContainerItemProxy section */

/* Begin PBXFileReference section */
		247B61691D2BC21500CEE15C /* BBBProject.app */ = {isa = PBXFileReference; explicitFileType = wrapper.application; includeInIndex = 0; path = BBBProject.app; sourceTree = BUILT_PRODUCTS_DIR; };
		247B616D1D2BC21500CEE15C /* main.m */ = {isa = PBXFileReference; lastKnownFileType = sourcecode.c.objc; path = main.m; sourceTree = "<group>"; };
		247B616F1D2BC21500CEE15C /* AppDelegate.h */ = {isa = PBXFileReference; lastKnownFileType = sourcecode.c.h; path = AppDelegate.h; sourceTree = "<group>"; };
		247B61701D2BC21500CEE15C /* AppDelegate.m */ = {isa = PBXFileReference; lastKnownFileType = sourcecode.c.objc; path = AppDelegate.m; sourceTree = "<group>"; };
		247B61781D2BC21500CEE15C /* Assets.xcassets */ = {isa = PBXFileReference; lastKnownFileType = folder.assetcatalog; path = Assets.xcassets; sourceTree = "<group>"; };
		247B617D1D2BC21500CEE15C /* Info.plist */ = {isa = PBXFileReference; lastKnownFileType = text.plist.xml; path = Info.plist; sourceTree = "<group>"; };
		247B61821D2BC21500CEE15C /* BBBProjectTests.xctest */ = {isa = PBXFileReference; explicitFileType = wrapper.cfbundle; includeInIndex = 0; path = BBBProjectTests.xctest; sourceTree = BUILT_PRODUCTS_DIR; };
		247B61861D2BC21500CEE15C /* BBBProjectTests.m */ = {isa = PBXFileReference; lastKnownFileType = sourcecode.c.objc; path = BBBProjectTests.m; sourceTree = "<group>"; };
		247B61881D2BC21500CEE15C /* Info.plist */ = {isa = PBXFileReference; lastKnownFileType = text.plist.xml; path = Info.plist; sourceTree = "<group>"; };
		247B618D1D2BC21500CEE15C /* BBBProjectUITests.xctest */ = {isa = PBXFileReference; explicitFileType = wrapper.cfbundle; includeInIndex = 0; path = BBBProjectUITests.xctest; sourceTree = BUILT_PRODUCTS_DIR; };
		247B61911D2BC21500CEE15C /* BBBProjectUITests.m */ = {isa = PBXFileReference; lastKnownFileType = sourcecode.c.objc; path = BBBProjectUITests.m; sourceTree = "<group>"; };
		247B61931D2BC21500CEE15C /* Info.plist */ = {isa = PBXFileReference; lastKnownFileType = text.plist.xml; path = Info.plist; sourceTree = "<group>"; };
/* End PBXFileReference section */

/* Begin PBXFrameworksBuildPhase section */
		247B61661D2BC21500CEE15C /* Frameworks */ = {
			isa = PBXFrameworksBuildPhase;
			buildActionMask = 2147483647;
			files = (
			);
			runOnlyForDeploymentPostprocessing = 0;
		};
		247B617F1D2BC21500CEE15C /* Frameworks */ = {
			isa = PBXFrameworksBuildPhase;
			buildActionMask = 2147483647;
			files = (
			);
			runOnlyForDeploymentPostprocessing = 0;
		};
		247B618A1D2BC21500CEE15C /* Frameworks */ = {
			isa = PBXFrameworksBuildPhase;
			buildActionMask = 2147483647;
			files = (
			);
			runOnlyForDeploymentPostprocessing = 0;
		};
/* End PBXFrameworksBuildPhase section */

/* Begin PBXGroup section */
		247B61601D2BC21500CEE15C = {
			isa = PBXGroup;
			children = (
				247B616B1D2BC21500CEE15C /* BBBProject */,
				247B61851D2BC21500CEE15C /* BBBProjectTests */,
				247B61901D2BC21500CEE15C /* BBBProjectUITests */,
				247B616A1D2BC21500CEE15C /* Products */,
			);
			sourceTree = "<group>";
		};
		247B616A1D2BC21500CEE15C /* Products */ = {
			isa = PBXGroup;
			children = (
				247B61691D2BC21500CEE15C /* BBBProject.app */,
				247B61821D2BC21500CEE15C /* BBBProjectTests.xctest */,
				247B618D1D2BC21500CEE15C /* BBBProjectUITests.xctest */,
			);
			name = Products;
			sourceTree = "<group>";
		};
		247B616B1D2BC21500CEE15C /* BBBProject */ = {
			isa = PBXGroup;
			children = (
				247B616F1D2BC21500CEE15C /* AppDelegate.h */,
				247B61701D2BC21500CEE15C /* AppDelegate.m */,
				247B616C1D2BC21500CEE15C /* Supporting Files */,
			);
			path = BBBProject;
			sourceTree = "<group>";
		};
		247B616C1D2BC21500CEE15C /* Supporting Files */ = {
			isa = PBXGroup;
			children = (
				247B61781D2BC21500CEE15C /* Assets.xcassets */,
				247B617D1D2BC21500CEE15C /* Info.plist */,
				247B616D1D2BC21500CEE15C /* main.m */,
			);
			name = "Supporting Files";
			sourceTree = "<group>";
		};
		247B61851D2BC21500CEE15C /* BBBProjectTests */ = {
			isa = PBXGroup;
			children = (
				247B61861D2BC21500CEE15C /* BBBProjectTests.m */,
				247B61881D2BC21500CEE15C /* Info.plist */,
			);
			path = BBBProjectTests;
			sourceTree = "<group>";
		};
		247B61901D2BC21500CEE15C /* BBBProjectUITests */ = {
			isa = PBXGroup;
			children = (
				247B61911D2BC21500CEE15C /* BBBProjectUITests.m */,
				247B61931D2BC21500CEE15C /* Info.plist */,
			);
			path = BBBProjectUITests;
			sourceTree = "<group>";
		};
/* End PBXGroup section */

/* Begin PBXNativeTarget section */
		247B61681D2BC21500CEE15C /* BBBProject */ = {
			isa = PBXNativeTarget;
			buildConfigurationList = 247B61961D2BC21500CEE15C /* Build configuration list for PBXNativeTarget "BBBProject" */;
			buildPhases = (
				247B61651D2BC21500CEE15C /* Sources */,
				247B61661D2BC21500CEE15C /* Frameworks */,
				247B61671D2BC21500CEE15C /* Resources */,
			);
			buildRules = (
			);
			dependencies = (
			);
			name = BBBProject;
			productName = BBBProject;
			productReference = 247B61691D2BC21500CEE15C /* BBBProject.app */;
			productType = "com.apple.product-type.application";
		};
		247B61811D2BC21500CEE15C /* BBBProjectTests */ = {
			isa = PBXNativeTarget;
			buildConfigurationList = 247B61991D2BC21500CEE15C /* Build configuration list for PBXNativeTarget "BBBProjectTests" */;
			buildPhases = (
				247B617E1D2BC21500CEE15C /* Sources */,
				247B617F1D2BC21500CEE15C /* Frameworks */,
				247B61801D2BC21500CEE15C /* Resources */,
			);
			buildRules = (
			);
			dependencies = (
				247B61841D2BC21500CEE15C /* PBXTargetDependency */,
			);
			name = BBBProjectTests;
			productName = BBBProjectTests;
			productReference = 247B61821D2BC21500CEE15C /* BBBProjectTests.xctest */;
			productType = "com.apple.product-type.bundle.unit-test";
		};
		247B618C1D2BC21500CEE15C /* BBBProjectUITests */ = {
			isa = PBXNativeTarget;
			buildConfigurationList = 247B619C1D2BC21500CEE15C /* Build configuration list for PBXNativeTarget "BBBProjectUITests" */;
			buildPhases = (
				247B61891D2BC21500CEE15C /* Sources */,
				247B618A1D2BC21500CEE15C /* Frameworks */,
				247B618B1D2BC21500CEE15C /* Resources */,
			);
			buildRules = (
			);
			dependencies = (
				247B618F1D2BC21500CEE15C /* PBXTargetDependency */,
			);
			name = BBBProjectUITests;
			productName = BBBProjectUITests;
			productReference = 247B618D1D2BC21500CEE15C /* BBBProjectUITests.xctest */;
			productType = "com.apple.product-type.bundle.ui-testing";
		};
/* End PBXNativeTarget section */

/* Begin PBXProject section */
		247B61611D2BC21500CEE15C /* Project object */ = {
			isa = PBXProject;
			attributes = {
				LastUpgradeCheck = 0730;
				ORGANIZATIONNAME = LinBin;
				TargetAttributes = {
					247B61681D2BC21500CEE15C = {
						CreatedOnToolsVersion = 7.3.1;
						DevelopmentTeam = K427376N27;
					};
					247B61811D2BC21500CEE15C = {
						CreatedOnToolsVersion = 7.3.1;
						DevelopmentTeam = K427376N27;
						TestTargetID = 247B61681D2BC21500CEE15C;
					};
					247B618C1D2BC21500CEE15C = {
						CreatedOnToolsVersion = 7.3.1;
						DevelopmentTeam = K427376N27;
						TestTargetID = 247B61681D2BC21500CEE15C;
					};
				};
			};
			buildConfigurationList = 247B61641D2BC21500CEE15C /* Build configuration list for PBXProject "BBBProject" */;
			compatibilityVersion = "Xcode 3.2";
			developmentRegion = English;
			hasScannedForEncodings = 0;
			knownRegions = (
				en,
				Base,
			);
			mainGroup = 247B61601D2BC21500CEE15C;
			productRefGroup = 247B616A1D2BC21500CEE15C /* Products */;
			projectDirPath = "";
			projectRoot = "";
			targets = (
				247B61681D2BC21500CEE15C /* BBBProject */,
				247B61811D2BC21500CEE15C /* BBBProjectTests */,
				247B618C1D2BC21500CEE15C /* BBBProjectUITests */,
			);
		};
/* End PBXProject section */

/* Begin PBXResourcesBuildPhase section */
		247B61671D2BC21500CEE15C /* Resources */ = {
			isa = PBXResourcesBuildPhase;
			buildActionMask = 2147483647;
			files = (
				247B61791D2BC21500CEE15C /* Assets.xcassets in Resources */,
			);
			runOnlyForDeploymentPostprocessing = 0;
		};
		247B61801D2BC21500CEE15C /* Resources */ = {
			isa = PBXResourcesBuildPhase;
			buildActionMask = 2147483647;
			files = (
			);
			runOnlyForDeploymentPostprocessing = 0;
		};
		247B618B1D2BC21500CEE15C /* Resources */ = {
			isa = PBXResourcesBuildPhase;
			buildActionMask = 2147483647;
			files = (
			);
			runOnlyForDeploymentPostprocessing = 0;
		};
/* End PBXResourcesBuildPhase section */

/* Begin PBXSourcesBuildPhase section */
		247B61651D2BC21500CEE15C /* Sources */ = {
			isa = PBXSourcesBuildPhase;
			buildActionMask = 2147483647;
			files = (
				247B61711D2BC21500CEE15C /* AppDelegate.m in Sources */,
				247B616E1D2BC21500CEE15C /* main.m in Sources */,
			);
			runOnlyForDeploymentPostprocessing = 0;
		};
		247B617E1D2BC21500CEE15C /* Sources */ = {
			isa = PBXSourcesBuildPhase;
			buildActionMask = 2147483647;
			files = (
				247B61871D2BC21500CEE15C /* BBBProjectTests.m in Sources */,
			);
			runOnlyForDeploymentPostprocessing = 0;
		};
		247B61891D2BC21500CEE15C /* Sources */ = {
			isa = PBXSourcesBuildPhase;
			buildActionMask = 2147483647;
			files = (
				247B61921D2BC21500CEE15C /* BBBProjectUITests.m in Sources */,
			);
			runOnlyForDeploymentPostprocessing = 0;
		};
/* End PBXSourcesBuildPhase section */

/* Begin PBXTargetDependency section */
		247B61841D2BC21500CEE15C /* PBXTargetDependency */ = {
			isa = PBXTargetDependency;
			target = 247B61681D2BC21500CEE15C /* BBBProject */;
			targetProxy = 247B61831D2BC21500CEE15C /* PBXContainerItemProxy */;
		};
		247B618F1D2BC21500CEE15C /* PBXTargetDependency */ = {
			isa = PBXTargetDependency;
			target = 247B61681D2BC21500CEE15C /* BBBProject */;
			targetProxy = 247B618E1D2BC21500CEE15C /* PBXContainerItemProxy */;
		};
/* End PBXTargetDependency section */

/* Begin XCBuildConfiguration section */
		247B61941D2BC21500CEE15C /* Debug */ = {
			isa = XCBuildConfiguration;
			buildSettings = {
				ALWAYS_SEARCH_USER_PATHS = NO;
				CLANG_ANALYZER_NONNULL = YES;
				CLANG_CXX_LANGUAGE_STANDARD = "gnu++0x";
				CLANG_CXX_LIBRARY = "libc++";
				CLANG_ENABLE_MODULES = YES;
				CLANG_ENABLE_OBJC_ARC = YES;
				CLANG_WARN_BOOL_CONVERSION = YES;
				CLANG_WARN_CONSTANT_CONVERSION = YES;
				CLANG_WARN_DIRECT_OBJC_ISA_USAGE = YES_ERROR;
				CLANG_WARN_EMPTY_BODY = YES;
				CLANG_WARN_ENUM_CONVERSION = YES;
				CLANG_WARN_INT_CONVERSION = YES;
				CLANG_WARN_OBJC_ROOT_CLASS = YES_ERROR;
				CLANG_WARN_UNREACHABLE_CODE = YES;
				CLANG_WARN__DUPLICATE_METHOD_MATCH = YES;
				"CODE_SIGN_IDENTITY[sdk=iphoneos*]" = "iPhone Developer";
				COPY_PHASE_STRIP = NO;
				DEBUG_INFORMATION_FORMAT = dwarf;
				ENABLE_STRICT_OBJC_MSGSEND = YES;
				ENABLE_TESTABILITY = YES;
				GCC_C_LANGUAGE_STANDARD = gnu99;
				GCC_DYNAMIC_NO_PIC = NO;
				GCC_NO_COMMON_BLOCKS = YES;
				GCC_OPTIMIZATION_LEVEL = 0;
				GCC_PREPROCESSOR_DEFINITIONS = (
					"DEBUG=1",
					"$(inherited)",
				);
				GCC_WARN_64_TO_32_BIT_CONVERSION = YES;
				GCC_WARN_ABOUT_RETURN_TYPE = YES_ERROR;
				GCC_WARN_UNDECLARED_SELECTOR = YES;
				GCC_WARN_UNINITIALIZED_AUTOS = YES_AGGRESSIVE;
				GCC_WARN_UNUSED_FUNCTION = YES;
				GCC_WARN_UNUSED_VARIABLE = YES;
				IPHONEOS_DEPLOYMENT_TARGET = 9.3;
				MTL_ENABLE_DEBUG_INFO = YES;
				ONLY_ACTIVE_ARCH = YES;
				SDKROOT = iphoneos;
			};
			name = Debug;
		};
		247B61951D2BC21500CEE15C /* Release */ = {
			isa = XCBuildConfiguration;
			buildSettings = {
				ALWAYS_SEARCH_USER_PATHS = NO;
				CLANG_ANALYZER_NONNULL = YES;
				CLANG_CXX_LANGUAGE_STANDARD = "gnu++0x";
				CLANG_CXX_LIBRARY = "libc++";
				CLANG_ENABLE_MODULES = YES;
				CLANG_ENABLE_OBJC_ARC = YES;
				CLANG_WARN_BOOL_CONVERSION = YES;
				CLANG_WARN_CONSTANT_CONVERSION = YES;
				CLANG_WARN_DIRECT_OBJC_ISA_USAGE = YES_ERROR;
				CLANG_WARN_EMPTY_BODY = YES;
				CLANG_WARN_ENUM_CONVERSION = YES;
				CLANG_WARN_INT_CONVERSION = YES;
				CLANG_WARN_OBJC_ROOT_CLASS = YES_ERROR;
				CLANG_WARN_UNREACHABLE_CODE = YES;
				CLANG_WARN__DUPLICATE_METHOD_MATCH = YES;
				"CODE_SIGN_IDENTITY[sdk=iphoneos*]" = "iPhone Developer";
				COPY_PHASE_STRIP = NO;
				DEBUG_INFORMATION_FORMAT = "dwarf-with-dsym";
				ENABLE_NS_ASSERTIONS = NO;
				ENABLE_STRICT_OBJC_MSGSEND = YES;
				GCC_C_LANGUAGE_STANDARD = gnu99;
				GCC_NO_COMMON_BLOCKS = YES;
				GCC_WARN_64_TO_32_BIT_CONVERSION = YES;
				GCC_WARN_ABOUT_RETURN_TYPE = YES_ERROR;
				GCC_WARN_UNDECLARED_SELECTOR = YES;
				GCC_WARN_UNINITIALIZED_AUTOS = YES_AGGRESSIVE;
				GCC_WARN_UNUSED_FUNCTION = YES;
				GCC_WARN_UNUSED_VARIABLE = YES;
				IPHONEOS_DEPLOYMENT_TARGET = 9.3;
				MTL_ENABLE_DEBUG_INFO = NO;
				SDKROOT = iphoneos;
				VALIDATE_PRODUCT = YES;
			};
			name = Release;
		};
		247B61971D2BC21500CEE15C /* Debug */ = {
			isa = XCBuildConfiguration;
			buildSettings = {
				ASSETCATALOG_COMPILER_APPICON_NAME = AppIcon;
				INFOPLIST_FILE = BBBProject/Info.plist;
				IPHONEOS_DEPLOYMENT_TARGET = 8.0;
				LD_RUNPATH_SEARCH_PATHS = "$(inherited) @executable_path/Frameworks";
				PRODUCT_BUNDLE_IDENTIFIER = LB.BBBProject;
				PRODUCT_NAME = "$(TARGET_NAME)";
			};
			name = Debug;
		};
		247B61981D2BC21500CEE15C /* Release */ = {
			isa = XCBuildConfiguration;
			buildSettings = {
				ASSETCATALOG_COMPILER_APPICON_NAME = AppIcon;
				INFOPLIST_FILE = BBBProject/Info.plist;
				IPHONEOS_DEPLOYMENT_TARGET = 8.0;
				LD_RUNPATH_SEARCH_PATHS = "$(inherited) @executable_path/Frameworks";
				PRODUCT_BUNDLE_IDENTIFIER = LB.BBBProject;
				PRODUCT_NAME = "$(TARGET_NAME)";
			};
			name = Release;
		};
		247B619A1D2BC21500CEE15C /* Debug */ = {
			isa = XCBuildConfiguration;
			buildSettings = {
				BUNDLE_LOADER = "$(TEST_HOST)";
				INFOPLIST_FILE = BBBProjectTests/Info.plist;
				LD_RUNPATH_SEARCH_PATHS = "$(inherited) @executable_path/Frameworks @loader_path/Frameworks";
				PRODUCT_BUNDLE_IDENTIFIER = LB.BBBProjectTests;
				PRODUCT_NAME = "$(TARGET_NAME)";
				TEST_HOST = "$(BUILT_PRODUCTS_DIR)/BBBProject.app/BBBProject";
			};
			name = Debug;
		};
		247B619B1D2BC21500CEE15C /* Release */ = {
			isa = XCBuildConfiguration;
			buildSettings = {
				BUNDLE_LOADER = "$(TEST_HOST)";
				INFOPLIST_FILE = BBBProjectTests/Info.plist;
				LD_RUNPATH_SEARCH_PATHS = "$(inherited) @executable_path/Frameworks @loader_path/Frameworks";
				PRODUCT_BUNDLE_IDENTIFIER = LB.BBBProjectTests;
				PRODUCT_NAME = "$(TARGET_NAME)";
				TEST_HOST = "$(BUILT_PRODUCTS_DIR)/BBBProject.app/BBBProject";
			};
			name = Release;
		};
		247B619D1D2BC21500CEE15C /* Debug */ = {
			isa = XCBuildConfiguration;
			buildSettings = {
				INFOPLIST_FILE = BBBProjectUITests/Info.plist;
				LD_RUNPATH_SEARCH_PATHS = "$(inherited) @executable_path/Frameworks @loader_path/Frameworks";
				PRODUCT_BUNDLE_IDENTIFIER = LB.BBBProjectUITests;
				PRODUCT_NAME = "$(TARGET_NAME)";
				TEST_TARGET_NAME = BBBProject;
			};
			name = Debug;
		};
		247B619E1D2BC21500CEE15C /* Release */ = {
			isa = XCBuildConfiguration;
			buildSettings = {
				INFOPLIST_FILE = BBBProjectUITests/Info.plist;
				LD_RUNPATH_SEARCH_PATHS = "$(inherited) @executable_path/Frameworks @loader_path/Frameworks";
				PRODUCT_BUNDLE_IDENTIFIER = LB.BBBProjectUITests;
				PRODUCT_NAME = "$(TARGET_NAME)";
				TEST_TARGET_NAME = BBBProject;
			};
			name = Release;
		};
/* End XCBuildConfiguration section */

/* Begin XCConfigurationList section */
		247B61641D2BC21500CEE15C /* Build configuration list for PBXProject "BBBProject" */ = {
			isa = XCConfigurationList;
			buildConfigurations = (
				247B61941D2BC21500CEE15C /* Debug */,
				247B61951D2BC21500CEE15C /* Release */,
			);
			defaultConfigurationIsVisible = 0;
			defaultConfigurationName = Release;
		};
		247B61961D2BC21500CEE15C /* Build configuration list for PBXNativeTarget "BBBProject" */ = {
			isa = XCConfigurationList;
			buildConfigurations = (
				247B61971D2BC21500CEE15C /* Debug */,
				247B61981D2BC21500CEE15C /* Release */,
			);
			defaultConfigurationIsVisible = 0;
		};
		247B61991D2BC21500CEE15C /* Build configuration list for PBXNativeTarget "BBBProjectTests" */ = {
			isa = XCConfigurationList;
			buildConfigurations = (
				247B619A1D2BC21500CEE15C /* Debug */,
				247B619B1D2BC21500CEE15C /* Release */,
			);
			defaultConfigurationIsVisible = 0;
		};
		247B619C1D2BC21500CEE15C /* Build configuration list for PBXNativeTarget "BBBProjectUITests" */ = {
			isa = XCConfigurationList;
			buildConfigurations = (
				247B619D1D2BC21500CEE15C /* Debug */,
				247B619E1D2BC21500CEE15C /* Release */,
			);
			defaultConfigurationIsVisible = 0;
		};
/* End XCConfigurationList section */
	};
	rootObject = 247B61611D2BC21500CEE15C /* Project object */;
}
