// !$*UTF8*$!
{
	archiveVersion = 1;
	classes = {
	};
	objectVersion = 46;
	objects = {

/* Begin PBXBuildFile section */
		24BF318C1D2513B2004FDFE1 /* AppDelegate.swift in Sources */ = {isa = PBXBuildFile; fileRef = 24BF318B1D2513B2004FDFE1 /* AppDelegate.swift */; };
		24BF318E1D2513B2004FDFE1 /* ViewController.swift in Sources */ = {isa = PBXBuildFile; fileRef = 24BF318D1D2513B2004FDFE1 /* ViewController.swift */; };
		24BF31911D2513B2004FDFE1 /* Main.storyboard in Resources */ = {isa = PBXBuildFile; fileRef = 24BF318F1D2513B2004FDFE1 /* Main.storyboard */; };
		24BF31931D2513B2004FDFE1 /* Assets.xcassets in Resources */ = {isa = PBXBuildFile; fileRef = 24BF31921D2513B2004FDFE1 /* Assets.xcassets */; };
		24BF31961D2513B2004FDFE1 /* LaunchScreen.storyboard in Resources */ = {isa = PBXBuildFile; fileRef = 24BF31941D2513B2004FDFE1 /* LaunchScreen.storyboard */; };
		24BF31A11D2513B2004FDFE1 /* xxxxxTests.swift in Sources */ = {isa = PBXBuildFile; fileRef = 24BF31A01D2513B2004FDFE1 /* xxxxxTests.swift */; };
		24BF31AC1D2513B2004FDFE1 /* xxxxxUITests.swift in Sources */ = {isa = PBXBuildFile; fileRef = 24BF31AB1D2513B2004FDFE1 /* xxxxxUITests.swift */; };
/* End PBXBuildFile section */

/* Begin PBXContainerItemProxy section */
		24BF319D1D2513B2004FDFE1 /* PBXContainerItemProxy */ = {
			isa = PBXContainerItemProxy;
			containerPortal = 24BF31801D2513B2004FDFE1 /* Project object */;
			proxyType = 1;
			remoteGlobalIDString = 24BF31871D2513B2004FDFE1;
			remoteInfo = xxxxx;
		};
		24BF31A81D2513B2004FDFE1 /* PBXContainerItemProxy */ = {
			isa = PBXContainerItemProxy;
			containerPortal = 24BF31801D2513B2004FDFE1 /* Project object */;
			proxyType = 1;
			remoteGlobalIDString = 24BF31871D2513B2004FDFE1;
			remoteInfo = xxxxx;
		};
/* End PBXContainerItemProxy section */

/* Begin PBXFileReference section */
		24BF31881D2513B2004FDFE1 /* xxxxx.app */ = {isa = PBXFileReference; explicitFileType = wrapper.application; includeInIndex = 0; path = xxxxx.app; sourceTree = BUILT_PRODUCTS_DIR; };
		24BF318B1D2513B2004FDFE1 /* AppDelegate.swift */ = {isa = PBXFileReference; lastKnownFileType = sourcecode.swift; path = AppDelegate.swift; sourceTree = "<group>"; };
		24BF318D1D2513B2004FDFE1 /* ViewController.swift */ = {isa = PBXFileReference; lastKnownFileType = sourcecode.swift; path = ViewController.swift; sourceTree = "<group>"; };
		24BF31901D2513B2004FDFE1 /* Base */ = {isa = PBXFileReference; lastKnownFileType = file.storyboard; name = Base; path = Base.lproj/Main.storyboard; sourceTree = "<group>"; };
		24BF31921D2513B2004FDFE1 /* Assets.xcassets */ = {isa = PBXFileReference; lastKnownFileType = folder.assetcatalog; path = Assets.xcassets; sourceTree = "<group>"; };
		24BF31951D2513B2004FDFE1 /* Base */ = {isa = PBXFileReference; lastKnownFileType = file.storyboard; name = Base; path = Base.lproj/LaunchScreen.storyboard; sourceTree = "<group>"; };
		24BF31971D2513B2004FDFE1 /* Info.plist */ = {isa = PBXFileReference; lastKnownFileType = text.plist.xml; path = Info.plist; sourceTree = "<group>"; };
		24BF319C1D2513B2004FDFE1 /* xxxxxTests.xctest */ = {isa = PBXFileReference; explicitFileType = wrapper.cfbundle; includeInIndex = 0; path = xxxxxTests.xctest; sourceTree = BUILT_PRODUCTS_DIR; };
		24BF31A01D2513B2004FDFE1 /* xxxxxTests.swift */ = {isa = PBXFileReference; lastKnownFileType = sourcecode.swift; path = xxxxxTests.swift; sourceTree = "<group>"; };
		24BF31A21D2513B2004FDFE1 /* Info.plist */ = {isa = PBXFileReference; lastKnownFileType = text.plist.xml; path = Info.plist; sourceTree = "<group>"; };
		24BF31A71D2513B2004FDFE1 /* xxxxxUITests.xctest */ = {isa = PBXFileReference; explicitFileType = wrapper.cfbundle; includeInIndex = 0; path = xxxxxUITests.xctest; sourceTree = BUILT_PRODUCTS_DIR; };
		24BF31AB1D2513B2004FDFE1 /* xxxxxUITests.swift */ = {isa = PBXFileReference; lastKnownFileType = sourcecode.swift; path = xxxxxUITests.swift; sourceTree = "<group>"; };
		24BF31AD1D2513B2004FDFE1 /* Info.plist */ = {isa = PBXFileReference; lastKnownFileType = text.plist.xml; path = Info.plist; sourceTree = "<group>"; };
/* End PBXFileReference section */

/* Begin PBXFrameworksBuildPhase section */
		24BF31851D2513B2004FDFE1 /* Frameworks */ = {
			isa = PBXFrameworksBuildPhase;
			buildActionMask = 2147483647;
			files = (
			);
			runOnlyForDeploymentPostprocessing = 0;
		};
		24BF31991D2513B2004FDFE1 /* Frameworks */ = {
			isa = PBXFrameworksBuildPhase;
			buildActionMask = 2147483647;
			files = (
			);
			runOnlyForDeploymentPostprocessing = 0;
		};
		24BF31A41D2513B2004FDFE1 /* Frameworks */ = {
			isa = PBXFrameworksBuildPhase;
			buildActionMask = 2147483647;
			files = (
			);
			runOnlyForDeploymentPostprocessing = 0;
		};
/* End PBXFrameworksBuildPhase section */

/* Begin PBXGroup section */
		24BF317F1D2513B2004FDFE1 = {
			isa = PBXGroup;
			children = (
				24BF318A1D2513B2004FDFE1 /* xxxxx */,
				24BF319F1D2513B2004FDFE1 /* xxxxxTests */,
				24BF31AA1D2513B2004FDFE1 /* xxxxxUITests */,
				24BF31891D2513B2004FDFE1 /* Products */,
			);
			sourceTree = "<group>";
		};
		24BF31891D2513B2004FDFE1 /* Products */ = {
			isa = PBXGroup;
			children = (
				24BF31881D2513B2004FDFE1 /* xxxxx.app */,
				24BF319C1D2513B2004FDFE1 /* xxxxxTests.xctest */,
				24BF31A71D2513B2004FDFE1 /* xxxxxUITests.xctest */,
			);
			name = Products;
			sourceTree = "<group>";
		};
		24BF318A1D2513B2004FDFE1 /* xxxxx */ = {
			isa = PBXGroup;
			children = (
				24BF318B1D2513B2004FDFE1 /* AppDelegate.swift */,
				24BF318D1D2513B2004FDFE1 /* ViewController.swift */,
				24BF318F1D2513B2004FDFE1 /* Main.storyboard */,
				24BF31921D2513B2004FDFE1 /* Assets.xcassets */,
				24BF31941D2513B2004FDFE1 /* LaunchScreen.storyboard */,
				24BF31971D2513B2004FDFE1 /* Info.plist */,
			);
			path = xxxxx;
			sourceTree = "<group>";
		};
		24BF319F1D2513B2004FDFE1 /* xxxxxTests */ = {
			isa = PBXGroup;
			children = (
				24BF31A01D2513B2004FDFE1 /* xxxxxTests.swift */,
				24BF31A21D2513B2004FDFE1 /* Info.plist */,
			);
			path = xxxxxTests;
			sourceTree = "<group>";
		};
		24BF31AA1D2513B2004FDFE1 /* xxxxxUITests */ = {
			isa = PBXGroup;
			children = (
				24BF31AB1D2513B2004FDFE1 /* xxxxxUITests.swift */,
				24BF31AD1D2513B2004FDFE1 /* Info.plist */,
			);
			path = xxxxxUITests;
			sourceTree = "<group>";
		};
/* End PBXGroup section */

/* Begin PBXNativeTarget section */
		24BF31871D2513B2004FDFE1 /* xxxxx */ = {
			isa = PBXNativeTarget;
			buildConfigurationList = 24BF31B01D2513B2004FDFE1 /* Build configuration list for PBXNativeTarget "xxxxx" */;
			buildPhases = (
				24BF31841D2513B2004FDFE1 /* Sources */,
				24BF31851D2513B2004FDFE1 /* Frameworks */,
				24BF31861D2513B2004FDFE1 /* Resources */,
			);
			buildRules = (
			);
			dependencies = (
			);
			name = xxxxx;
			productName = xxxxx;
			productReference = 24BF31881D2513B2004FDFE1 /* xxxxx.app */;
			productType = "com.apple.product-type.application";
		};
		24BF319B1D2513B2004FDFE1 /* xxxxxTests */ = {
			isa = PBXNativeTarget;
			buildConfigurationList = 24BF31B31D2513B2004FDFE1 /* Build configuration list for PBXNativeTarget "xxxxxTests" */;
			buildPhases = (
				24BF31981D2513B2004FDFE1 /* Sources */,
				24BF31991D2513B2004FDFE1 /* Frameworks */,
				24BF319A1D2513B2004FDFE1 /* Resources */,
			);
			buildRules = (
			);
			dependencies = (
				24BF319E1D2513B2004FDFE1 /* PBXTargetDependency */,
			);
			name = xxxxxTests;
			productName = xxxxxTests;
			productReference = 24BF319C1D2513B2004FDFE1 /* xxxxxTests.xctest */;
			productType = "com.apple.product-type.bundle.unit-test";
		};
		24BF31A61D2513B2004FDFE1 /* xxxxxUITests */ = {
			isa = PBXNativeTarget;
			buildConfigurationList = 24BF31B61D2513B2004FDFE1 /* Build configuration list for PBXNativeTarget "xxxxxUITests" */;
			buildPhases = (
				24BF31A31D2513B2004FDFE1 /* Sources */,
				24BF31A41D2513B2004FDFE1 /* Frameworks */,
				24BF31A51D2513B2004FDFE1 /* Resources */,
			);
			buildRules = (
			);
			dependencies = (
				24BF31A91D2513B2004FDFE1 /* PBXTargetDependency */,
			);
			name = xxxxxUITests;
			productName = xxxxxUITests;
			productReference = 24BF31A71D2513B2004FDFE1 /* xxxxxUITests.xctest */;
			productType = "com.apple.product-type.bundle.ui-testing";
		};
/* End PBXNativeTarget section */

/* Begin PBXProject section */
		24BF31801D2513B2004FDFE1 /* Project object */ = {
			isa = PBXProject;
			attributes = {
				LastSwiftUpdateCheck = 0730;
				LastUpgradeCheck = 0730;
				ORGANIZATIONNAME = LinBin;
				TargetAttributes = {
					24BF31871D2513B2004FDFE1 = {
						CreatedOnToolsVersion = 7.3.1;
						DevelopmentTeam = K427376N27;
					};
					24BF319B1D2513B2004FDFE1 = {
						CreatedOnToolsVersion = 7.3.1;
						DevelopmentTeam = K427376N27;
						TestTargetID = 24BF31871D2513B2004FDFE1;
					};
					24BF31A61D2513B2004FDFE1 = {
						CreatedOnToolsVersion = 7.3.1;
						DevelopmentTeam = K427376N27;
						TestTargetID = 24BF31871D2513B2004FDFE1;
					};
				};
			};
			buildConfigurationList = 24BF31831D2513B2004FDFE1 /* Build configuration list for PBXProject "xxxxx" */;
			compatibilityVersion = "Xcode 3.2";
			developmentRegion = English;
			hasScannedForEncodings = 0;
			knownRegions = (
				en,
				Base,
			);
			mainGroup = 24BF317F1D2513B2004FDFE1;
			productRefGroup = 24BF31891D2513B2004FDFE1 /* Products */;
			projectDirPath = "";
			projectRoot = "";
			targets = (
				24BF31871D2513B2004FDFE1 /* xxxxx */,
				24BF319B1D2513B2004FDFE1 /* xxxxxTests */,
				24BF31A61D2513B2004FDFE1 /* xxxxxUITests */,
			);
		};
/* End PBXProject section */

/* Begin PBXResourcesBuildPhase section */
		24BF31861D2513B2004FDFE1 /* Resources */ = {
			isa = PBXResourcesBuildPhase;
			buildActionMask = 2147483647;
			files = (
				24BF31961D2513B2004FDFE1 /* LaunchScreen.storyboard in Resources */,
				24BF31931D2513B2004FDFE1 /* Assets.xcassets in Resources */,
				24BF31911D2513B2004FDFE1 /* Main.storyboard in Resources */,
			);
			runOnlyForDeploymentPostprocessing = 0;
		};
		24BF319A1D2513B2004FDFE1 /* Resources */ = {
			isa = PBXResourcesBuildPhase;
			buildActionMask = 2147483647;
			files = (
			);
			runOnlyForDeploymentPostprocessing = 0;
		};
		24BF31A51D2513B2004FDFE1 /* Resources */ = {
			isa = PBXResourcesBuildPhase;
			buildActionMask = 2147483647;
			files = (
			);
			runOnlyForDeploymentPostprocessing = 0;
		};
/* End PBXResourcesBuildPhase section */

/* Begin PBXSourcesBuildPhase section */
		24BF31841D2513B2004FDFE1 /* Sources */ = {
			isa = PBXSourcesBuildPhase;
			buildActionMask = 2147483647;
			files = (
				24BF318E1D2513B2004FDFE1 /* ViewController.swift in Sources */,
				24BF318C1D2513B2004FDFE1 /* AppDelegate.swift in Sources */,
			);
			runOnlyForDeploymentPostprocessing = 0;
		};
		24BF31981D2513B2004FDFE1 /* Sources */ = {
			isa = PBXSourcesBuildPhase;
			buildActionMask = 2147483647;
			files = (
				24BF31A11D2513B2004FDFE1 /* xxxxxTests.swift in Sources */,
			);
			runOnlyForDeploymentPostprocessing = 0;
		};
		24BF31A31D2513B2004FDFE1 /* Sources */ = {
			isa = PBXSourcesBuildPhase;
			buildActionMask = 2147483647;
			files = (
				24BF31AC1D2513B2004FDFE1 /* xxxxxUITests.swift in Sources */,
			);
			runOnlyForDeploymentPostprocessing = 0;
		};
/* End PBXSourcesBuildPhase section */

/* Begin PBXTargetDependency section */
		24BF319E1D2513B2004FDFE1 /* PBXTargetDependency */ = {
			isa = PBXTargetDependency;
			target = 24BF31871D2513B2004FDFE1 /* xxxxx */;
			targetProxy = 24BF319D1D2513B2004FDFE1 /* PBXContainerItemProxy */;
		};
		24BF31A91D2513B2004FDFE1 /* PBXTargetDependency */ = {
			isa = PBXTargetDependency;
			target = 24BF31871D2513B2004FDFE1 /* xxxxx */;
			targetProxy = 24BF31A81D2513B2004FDFE1 /* PBXContainerItemProxy */;
		};
/* End PBXTargetDependency section */

/* Begin PBXVariantGroup section */
		24BF318F1D2513B2004FDFE1 /* Main.storyboard */ = {
			isa = PBXVariantGroup;
			children = (
				24BF31901D2513B2004FDFE1 /* Base */,
			);
			name = Main.storyboard;
			sourceTree = "<group>";
		};
		24BF31941D2513B2004FDFE1 /* LaunchScreen.storyboard */ = {
			isa = PBXVariantGroup;
			children = (
				24BF31951D2513B2004FDFE1 /* Base */,
			);
			name = LaunchScreen.storyboard;
			sourceTree = "<group>";
		};
/* End PBXVariantGroup section */

/* Begin XCBuildConfiguration section */
		24BF31AE1D2513B2004FDFE1 /* Debug */ = {
			isa = XCBuildConfiguration;
			buildSettings = {
				ALWAYS_SEARCH_USER_PATHS = NO;
				CLANG_ANALYZER_NONNULL = YES;
				CLANG_CXX_LANGUAGE_STANDARD = "gnu++0x";
				CLANG_CXX_LIBRARY = "libc++";
				CLANG_ENABLE_MODULES = YES;
				CLANG_ENABLE_OBJC_ARC = YES;
				CLANG_WARN_BOOL_CONVERSION = YES;
				CLANG_WARN_CONSTANT_CONVERSION = YES;
				CLANG_WARN_DIRECT_OBJC_ISA_USAGE = YES_ERROR;
				CLANG_WARN_EMPTY_BODY = YES;
				CLANG_WARN_ENUM_CONVERSION = YES;
				CLANG_WARN_INT_CONVERSION = YES;
				CLANG_WARN_OBJC_ROOT_CLASS = YES_ERROR;
				CLANG_WARN_UNREACHABLE_CODE = YES;
				CLANG_WARN__DUPLICATE_METHOD_MATCH = YES;
				"CODE_SIGN_IDENTITY[sdk=iphoneos*]" = "iPhone Developer";
				COPY_PHASE_STRIP = NO;
				DEBUG_INFORMATION_FORMAT = dwarf;
				ENABLE_STRICT_OBJC_MSGSEND = YES;
				ENABLE_TESTABILITY = YES;
				GCC_C_LANGUAGE_STANDARD = gnu99;
				GCC_DYNAMIC_NO_PIC = NO;
				GCC_NO_COMMON_BLOCKS = YES;
				GCC_OPTIMIZATION_LEVEL = 0;
				GCC_PREPROCESSOR_DEFINITIONS = (
					"DEBUG=1",
					"$(inherited)",
				);
				GCC_WARN_64_TO_32_BIT_CONVERSION = YES;
				GCC_WARN_ABOUT_RETURN_TYPE = YES_ERROR;
				GCC_WARN_UNDECLARED_SELECTOR = YES;
				GCC_WARN_UNINITIALIZED_AUTOS = YES_AGGRESSIVE;
				GCC_WARN_UNUSED_FUNCTION = YES;
				GCC_WARN_UNUSED_VARIABLE = YES;
				IPHONEOS_DEPLOYMENT_TARGET = 9.3;
				MTL_ENABLE_DEBUG_INFO = YES;
				ONLY_ACTIVE_ARCH = YES;
				SDKROOT = iphoneos;
				SWIFT_OPTIMIZATION_LEVEL = "-Onone";
			};
			name = Debug;
		};
		24BF31AF1D2513B2004FDFE1 /* Release */ = {
			isa = XCBuildConfiguration;
			buildSettings = {
				ALWAYS_SEARCH_USER_PATHS = NO;
				CLANG_ANALYZER_NONNULL = YES;
				CLANG_CXX_LANGUAGE_STANDARD = "gnu++0x";
				CLANG_CXX_LIBRARY = "libc++";
				CLANG_ENABLE_MODULES = YES;
				CLANG_ENABLE_OBJC_ARC = YES;
				CLANG_WARN_BOOL_CONVERSION = YES;
				CLANG_WARN_CONSTANT_CONVERSION = YES;
				CLANG_WARN_DIRECT_OBJC_ISA_USAGE = YES_ERROR;
				CLANG_WARN_EMPTY_BODY = YES;
				CLANG_WARN_ENUM_CONVERSION = YES;
				CLANG_WARN_INT_CONVERSION = YES;
				CLANG_WARN_OBJC_ROOT_CLASS = YES_ERROR;
				CLANG_WARN_UNREACHABLE_CODE = YES;
				CLANG_WARN__DUPLICATE_METHOD_MATCH = YES;
				"CODE_SIGN_IDENTITY[sdk=iphoneos*]" = "iPhone Developer";
				COPY_PHASE_STRIP = NO;
				DEBUG_INFORMATION_FORMAT = "dwarf-with-dsym";
				ENABLE_NS_ASSERTIONS = NO;
				ENABLE_STRICT_OBJC_MSGSEND = YES;
				GCC_C_LANGUAGE_STANDARD = gnu99;
				GCC_NO_COMMON_BLOCKS = YES;
				GCC_WARN_64_TO_32_BIT_CONVERSION = YES;
				GCC_WARN_ABOUT_RETURN_TYPE = YES_ERROR;
				GCC_WARN_UNDECLARED_SELECTOR = YES;
				GCC_WARN_UNINITIALIZED_AUTOS = YES_AGGRESSIVE;
				GCC_WARN_UNUSED_FUNCTION = YES;
				GCC_WARN_UNUSED_VARIABLE = YES;
				IPHONEOS_DEPLOYMENT_TARGET = 9.3;
				MTL_ENABLE_DEBUG_INFO = NO;
				SDKROOT = iphoneos;
				VALIDATE_PRODUCT = YES;
			};
			name = Release;
		};
		24BF31B11D2513B2004FDFE1 /* Debug */ = {
			isa = XCBuildConfiguration;
			buildSettings = {
				ASSETCATALOG_COMPILER_APPICON_NAME = AppIcon;
				INFOPLIST_FILE = xxxxx/Info.plist;
				LD_RUNPATH_SEARCH_PATHS = "$(inherited) @executable_path/Frameworks";
				PRODUCT_BUNDLE_IDENTIFIER = LB.xxxxx;
				PRODUCT_NAME = "$(TARGET_NAME)";
			};
			name = Debug;
		};
		24BF31B21D2513B2004FDFE1 /* Release */ = {
			isa = XCBuildConfiguration;
			buildSettings = {
				ASSETCATALOG_COMPILER_APPICON_NAME = AppIcon;
				INFOPLIST_FILE = xxxxx/Info.plist;
				LD_RUNPATH_SEARCH_PATHS = "$(inherited) @executable_path/Frameworks";
				PRODUCT_BUNDLE_IDENTIFIER = LB.xxxxx;
				PRODUCT_NAME = "$(TARGET_NAME)";
			};
			name = Release;
		};
		24BF31B41D2513B2004FDFE1 /* Debug */ = {
			isa = XCBuildConfiguration;
			buildSettings = {
				BUNDLE_LOADER = "$(TEST_HOST)";
				INFOPLIST_FILE = xxxxxTests/Info.plist;
				LD_RUNPATH_SEARCH_PATHS = "$(inherited) @executable_path/Frameworks @loader_path/Frameworks";
				PRODUCT_BUNDLE_IDENTIFIER = LB.xxxxxTests;
				PRODUCT_NAME = "$(TARGET_NAME)";
				TEST_HOST = "$(BUILT_PRODUCTS_DIR)/xxxxx.app/xxxxx";
			};
			name = Debug;
		};
		24BF31B51D2513B2004FDFE1 /* Release */ = {
			isa = XCBuildConfiguration;
			buildSettings = {
				BUNDLE_LOADER = "$(TEST_HOST)";
				INFOPLIST_FILE = xxxxxTests/Info.plist;
				LD_RUNPATH_SEARCH_PATHS = "$(inherited) @executable_path/Frameworks @loader_path/Frameworks";
				PRODUCT_BUNDLE_IDENTIFIER = LB.xxxxxTests;
				PRODUCT_NAME = "$(TARGET_NAME)";
				TEST_HOST = "$(BUILT_PRODUCTS_DIR)/xxxxx.app/xxxxx";
			};
			name = Release;
		};
		24BF31B71D2513B2004FDFE1 /* Debug */ = {
			isa = XCBuildConfiguration;
			buildSettings = {
				INFOPLIST_FILE = xxxxxUITests/Info.plist;
				LD_RUNPATH_SEARCH_PATHS = "$(inherited) @executable_path/Frameworks @loader_path/Frameworks";
				PRODUCT_BUNDLE_IDENTIFIER = LB.xxxxxUITests;
				PRODUCT_NAME = "$(TARGET_NAME)";
				TEST_TARGET_NAME = xxxxx;
			};
			name = Debug;
		};
		24BF31B81D2513B2004FDFE1 /* Release */ = {
			isa = XCBuildConfiguration;
			buildSettings = {
				INFOPLIST_FILE = xxxxxUITests/Info.plist;
				LD_RUNPATH_SEARCH_PATHS = "$(inherited) @executable_path/Frameworks @loader_path/Frameworks";
				PRODUCT_BUNDLE_IDENTIFIER = LB.xxxxxUITests;
				PRODUCT_NAME = "$(TARGET_NAME)";
				TEST_TARGET_NAME = xxxxx;
			};
			name = Release;
		};
/* End XCBuildConfiguration section */

/* Begin XCConfigurationList section */
		24BF31831D2513B2004FDFE1 /* Build configuration list for PBXProject "xxxxx" */ = {
			isa = XCConfigurationList;
			buildConfigurations = (
				24BF31AE1D2513B2004FDFE1 /* Debug */,
				24BF31AF1D2513B2004FDFE1 /* Release */,
			);
			defaultConfigurationIsVisible = 0;
			defaultConfigurationName = Release;
		};
		24BF31B01D2513B2004FDFE1 /* Build configuration list for PBXNativeTarget "xxxxx" */ = {
			isa = XCConfigurationList;
			buildConfigurations = (
				24BF31B11D2513B2004FDFE1 /* Debug */,
				24BF31B21D2513B2004FDFE1 /* Release */,
			);
			defaultConfigurationIsVisible = 0;
		};
		24BF31B31D2513B2004FDFE1 /* Build configuration list for PBXNativeTarget "xxxxxTests" */ = {
			isa = XCConfigurationList;
			buildConfigurations = (
				24BF31B41D2513B2004FDFE1 /* Debug */,
				24BF31B51D2513B2004FDFE1 /* Release */,
			);
			defaultConfigurationIsVisible = 0;
		};
		24BF31B61D2513B2004FDFE1 /* Build configuration list for PBXNativeTarget "xxxxxUITests" */ = {
			isa = XCConfigurationList;
			buildConfigurations = (
				24BF31B71D2513B2004FDFE1 /* Debug */,
				24BF31B81D2513B2004FDFE1 /* Release */,
			);
			defaultConfigurationIsVisible = 0;
		};
/* End XCConfigurationList section */
	};
	rootObject = 24BF31801D2513B2004FDFE1 /* Project object */;
}
